
Microsoft Visual Studio Solution File, Format Version 12.00
# Visual Studio Version 17
VisualStudioVersion = 17.8.34330.188
MinimumVisualStudioVersion = 10.0.40219.1
Project("{FAE04EC0-301F-11D3-BF4B-00C04F79EFBC}") = "Home01.07", "Home01.07\Home01.07.csproj", "{407DC50B-691F-4E0D-AD24-70705DAAB99B}"
EndProject
Global
	GlobalSection(SolutionConfigurationPlatforms) = preSolution
		Debug|Any CPU = Debug|Any CPU
		Release|Any CPU = Release|Any CPU
	EndGlobalSection
	GlobalSection(ProjectConfigurationPlatforms) = postSolution
		{407DC50B-691F-4E0D-AD24-70705DAAB99B}.Debug|Any CPU.ActiveCfg = Debug|Any CPU
		{407DC50B-691F-4E0D-AD24-70705DAAB99B}.Debug|Any CPU.Build.0 = Debug|Any CPU
		{407DC50B-691F-4E0D-AD24-70705DAAB99B}.Release|Any CPU.ActiveCfg = Release|Any CPU
		{407DC50B-691F-4E0D-AD24-70705DAAB99B}.Release|Any CPU.Build.0 = Release|Any CPU
	EndGlobalSection
	GlobalSection(SolutionProperties) = preSolution
		HideSolutionNode = FALSE
	EndGlobalSection
	GlobalSection(ExtensibilityGlobals) = postSolution
		SolutionGuid = {36FD1D99-01BD-4029-9929-81B744BB0479}
	EndGlobalSection
EndGlobal
